
Microsoft Visual Studio Solution File, Format Version 12.00
Project("{FAE04EC0-301F-11D3-BF4B-00C04F79EFBC}") = "RacingAidData", "RacingAidData\RacingAidData.csproj", "{4B52D4C7-C808-4E11-AA36-C69F066C6A4F}"
EndProject
Project("{FAE04EC0-301F-11D3-BF4B-00C04F79EFBC}") = "RacingAidTests", "RacingAidTests\RacingAidTests.csproj", "{8C0084EE-13BE-4310-BEB0-FCF1C7E1DAE1}"
EndProject
Project("{FAE04EC0-301F-11D3-BF4B-00C04F79EFBC}") = "RacingAidWpf", "RacingAidWpf\RacingAidWpf.csproj", "{214B5F50-3FEE-4A6F-8D6E-6CAE20AFA77D}"
EndProject
Project("{FAE04EC0-301F-11D3-BF4B-00C04F79EFBC}") = "RacingAidWpfTests", "RacingAidWpfTests\RacingAidWpfTests.csproj", "{6316EA52-76D0-4BB5-BDA5-B47E5BEF0226}"
EndProject
Project("{FAE04EC0-301F-11D3-BF4B-00C04F79EFBC}") = "RacingAidGrpc", "RacingAidGrpc\RacingAidGrpc.csproj", "{88328F1F-BBFC-491B-9CBC-0E6CF7219DE2}"
EndProject
Global
	GlobalSection(SolutionConfigurationPlatforms) = preSolution
		Debug|Any CPU = Debug|Any CPU
		Release|Any CPU = Release|Any CPU
	EndGlobalSection
	GlobalSection(ProjectConfigurationPlatforms) = postSolution
		{4B52D4C7-C808-4E11-AA36-C69F066C6A4F}.Debug|Any CPU.ActiveCfg = Debug|Any CPU
		{4B52D4C7-C808-4E11-AA36-C69F066C6A4F}.Debug|Any CPU.Build.0 = Debug|Any CPU
		{4B52D4C7-C808-4E11-AA36-C69F066C6A4F}.Release|Any CPU.ActiveCfg = Release|Any CPU
		{4B52D4C7-C808-4E11-AA36-C69F066C6A4F}.Release|Any CPU.Build.0 = Release|Any CPU
		{8C0084EE-13BE-4310-BEB0-FCF1C7E1DAE1}.Debug|Any CPU.ActiveCfg = Debug|Any CPU
		{8C0084EE-13BE-4310-BEB0-FCF1C7E1DAE1}.Debug|Any CPU.Build.0 = Debug|Any CPU
		{8C0084EE-13BE-4310-BEB0-FCF1C7E1DAE1}.Release|Any CPU.ActiveCfg = Release|Any CPU
		{8C0084EE-13BE-4310-BEB0-FCF1C7E1DAE1}.Release|Any CPU.Build.0 = Release|Any CPU
		{214B5F50-3FEE-4A6F-8D6E-6CAE20AFA77D}.Debug|Any CPU.ActiveCfg = Debug|Any CPU
		{214B5F50-3FEE-4A6F-8D6E-6CAE20AFA77D}.Debug|Any CPU.Build.0 = Debug|Any CPU
		{214B5F50-3FEE-4A6F-8D6E-6CAE20AFA77D}.Release|Any CPU.ActiveCfg = Release|Any CPU
		{214B5F50-3FEE-4A6F-8D6E-6CAE20AFA77D}.Release|Any CPU.Build.0 = Release|Any CPU
		{6316EA52-76D0-4BB5-BDA5-B47E5BEF0226}.Debug|Any CPU.ActiveCfg = Debug|Any CPU
		{6316EA52-76D0-4BB5-BDA5-B47E5BEF0226}.Debug|Any CPU.Build.0 = Debug|Any CPU
		{6316EA52-76D0-4BB5-BDA5-B47E5BEF0226}.Release|Any CPU.ActiveCfg = Release|Any CPU
		{6316EA52-76D0-4BB5-BDA5-B47E5BEF0226}.Release|Any CPU.Build.0 = Release|Any CPU
		{88328F1F-BBFC-491B-9CBC-0E6CF7219DE2}.Debug|Any CPU.ActiveCfg = Debug|Any CPU
		{88328F1F-BBFC-491B-9CBC-0E6CF7219DE2}.Debug|Any CPU.Build.0 = Debug|Any CPU
		{88328F1F-BBFC-491B-9CBC-0E6CF7219DE2}.Release|Any CPU.ActiveCfg = Release|Any CPU
		{88328F1F-BBFC-491B-9CBC-0E6CF7219DE2}.Release|Any CPU.Build.0 = Release|Any CPU
	EndGlobalSection
EndGlobal
